<?xml version="1.0" encoding="utf-8"?>
<Project ToolsVersion="4.0" xmlns="http://schemas.microsoft.com/developer/msbuild/2003">
  <ItemGroup>
    <Filter Include="소스 파일">
      <UniqueIdentifier>{4FC737F1-C7A5-4376-A066-2A32D752A2FF}</UniqueIdentifier>
      <Extensions>cpp;c;cc;cxx;def;odl;idl;hpj;bat;asm;asmx</Extensions>
    </Filter>
    <Filter Include="헤더 파일">
      <UniqueIdentifier>{93995380-89BD-4b04-88EB-625FBE52EBFB}</UniqueIdentifier>
      <Extensions>h;hpp;hxx;hm;inl;inc;xsd</Extensions>
    </Filter>
    <Filter Include="리소스 파일">
      <UniqueIdentifier>{67DA6AB6-F800-4c08-8B7A-83BB121AAD01}</UniqueIdentifier>
      <Extensions>rc;ico;cur;bmp;dlg;rc2;rct;bin;rgs;gif;jpg;jpeg;jpe;resx;tiff;tif;png;wav</Extensions>
    </Filter>
  </ItemGroup>
  <ItemGroup>
    <ClCompile Include="convert.cpp">
      <Filter>소스 파일</Filter>
    </ClCompile>
    <ClCompile Include="ddraw.cpp">
      <Filter>소스 파일</Filter>
    </ClCompile>
    <ClCompile Include="gdi.cpp">
      <Filter>소스 파일</Filter>
    </ClCompile>
    <ClCompile Include="lcd_simulator.cpp">
      <Filter>소스 파일</Filter>
    </ClCompile>
    <ClCompile Include="stdafx.cpp">
      <Filter>소스 파일</Filter>
    </ClCompile>
    <ClCompile Include="tgi.cpp">
      <Filter>소스 파일</Filter>
    </ClCompile>
    <ClCompile Include="TinyGraphicSimulator.cpp">
      <Filter>소스 파일</Filter>
    </ClCompile>
    <ClCompile Include="tinyptc.cpp">
      <Filter>소스 파일</Filter>
    </ClCompile>
    <ClCompile Include="vfw.cpp">
      <Filter>소스 파일</Filter>
    </ClCompile>
  </ItemGroup>
  <ItemGroup>
    <ClInclude Include="convert.h">
      <Filter>헤더 파일</Filter>
    </ClInclude>
    <ClInclude Include="Font14x16.h">
      <Filter>헤더 파일</Filter>
    </ClInclude>
    <ClInclude Include="Font16x16.h">
      <Filter>헤더 파일</Filter>
    </ClInclude>
    <ClInclude Include="Font21x17.h">
      <Filter>헤더 파일</Filter>
    </ClInclude>
    <ClInclude Include="mmx.h">
      <Filter>헤더 파일</Filter>
    </ClInclude>
    <ClInclude Include="stdafx.h">
      <Filter>헤더 파일</Filter>
    </ClInclude>
    <ClInclude Include="tgi.h">
      <Filter>헤더 파일</Filter>
    </ClInclude>
    <ClInclude Include="tgi_color.h">
      <Filter>헤더 파일</Filter>
    </ClInclude>
    <ClInclude Include="tgi_define.h">
      <Filter>헤더 파일</Filter>
    </ClInclude>
    <ClInclude Include="tgi_font.h">
      <Filter>헤더 파일</Filter>
    </ClInclude>
    <ClInclude Include="tgi_img.h">
      <Filter>헤더 파일</Filter>
    </ClInclude>
    <ClInclude Include="tgi_img_alert256.h">
      <Filter>헤더 파일</Filter>
    </ClInclude>
    <ClInclude Include="tgi_img_gps_title256.h">
      <Filter>헤더 파일</Filter>
    </ClInclude>
    <ClInclude Include="tgi_img_gpsmode.h">
      <Filter>헤더 파일</Filter>
    </ClInclude>
    <ClInclude Include="tgi_img_logo.h">
      <Filter>헤더 파일</Filter>
    </ClInclude>
    <ClInclude Include="tgi_img_logo256.h">
      <Filter>헤더 파일</Filter>
    </ClInclude>
    <ClInclude Include="tgi_img_sensor_title256.h">
      <Filter>헤더 파일</Filter>
    </ClInclude>
    <ClInclude Include="tgi_img_sensormode.h">
      <Filter>헤더 파일</Filter>
    </ClInclude>
    <ClInclude Include="tgi_img_timemode.h">
      <Filter>헤더 파일</Filter>
    </ClInclude>
    <ClInclude Include="tgi_img_timemode256.h">
      <Filter>헤더 파일</Filter>
    </ClInclude>
    <ClInclude Include="tgi_surface.h">
      <Filter>헤더 파일</Filter>
    </ClInclude>
    <ClInclude Include="TinyGraphicSimulator.h">
      <Filter>헤더 파일</Filter>
    </ClInclude>
    <ClInclude Include="tinyptc.h">
      <Filter>헤더 파일</Filter>
    </ClInclude>
  </ItemGroup>
  <ItemGroup>
    <Text Include="ReadMe.txt" />
  </ItemGroup>
  <ItemGroup>
    <CustomBuild Include="mmx.asm">
      <Filter>소스 파일</Filter>
    </CustomBuild>
  </ItemGroup>
</Project>